PODS:
  - Flutter (1.0.0)
  - OpenSSL-Universal (3.3.3001)

DEPENDENCIES:
  - Flutter (from `Flutter`)
  - OpenSSL-Universal

SPEC REPOS:
  trunk:
    - OpenSSL-Universal

EXTERNAL SOURCES:
  Flutter:
    :path: Flutter

SPEC CHECKSUMS:
  Flutter: cabc95a1d2626b1b06e7179b784ebcf0c0cde467
  OpenSSL-Universal: 6082b0bf950e5636fe0d78def171184e2b3899c2

PODFILE CHECKSUM: b5c978817f18987db4d0f50146cb63c315394130

COCOAPODS: 1.16.2
